
Microsoft Visual Studio Solution File, Format Version 12.00
# Visual Studio Version 17
VisualStudioVersion = 17.3.32811.315
MinimumVisualStudioVersion = 10.0.40219.1
Project("{9A19103F-16F7-4668-BE54-9A1E7A4F7556}") = "Medical Platform", "Medical Platform\Medical Platform.csproj", "{2F9865BC-5B85-4A09-B99E-86A0D1B43166}"
EndProject
Project("{E53339B2-1760-4266-BCC7-CA923CBCF16C}") = "docker-compose", "docker-compose.dcproj", "{EE7E863B-AFE3-4E63-AEBB-D26D82AAEAA4}"
EndProject
Global
	GlobalSection(SolutionConfigurationPlatforms) = preSolution
		Debug|Any CPU = Debug|Any CPU
		Release|Any CPU = Release|Any CPU
	EndGlobalSection
	GlobalSection(ProjectConfigurationPlatforms) = postSolution
		{2F9865BC-5B85-4A09-B99E-86A0D1B43166}.Debug|Any CPU.ActiveCfg = Debug|Any CPU
		{2F9865BC-5B85-4A09-B99E-86A0D1B43166}.Debug|Any CPU.Build.0 = Debug|Any CPU
		{2F9865BC-5B85-4A09-B99E-86A0D1B43166}.Release|Any CPU.ActiveCfg = Release|Any CPU
		{2F9865BC-5B85-4A09-B99E-86A0D1B43166}.Release|Any CPU.Build.0 = Release|Any CPU
		{EE7E863B-AFE3-4E63-AEBB-D26D82AAEAA4}.Debug|Any CPU.ActiveCfg = Debug|Any CPU
		{EE7E863B-AFE3-4E63-AEBB-D26D82AAEAA4}.Debug|Any CPU.Build.0 = Debug|Any CPU
		{EE7E863B-AFE3-4E63-AEBB-D26D82AAEAA4}.Release|Any CPU.ActiveCfg = Release|Any CPU
		{EE7E863B-AFE3-4E63-AEBB-D26D82AAEAA4}.Release|Any CPU.Build.0 = Release|Any CPU
	EndGlobalSection
	GlobalSection(SolutionProperties) = preSolution
		HideSolutionNode = FALSE
	EndGlobalSection
	GlobalSection(ExtensibilityGlobals) = postSolution
		SolutionGuid = {2805E562-9301-407D-A50D-E066B5191C48}
	EndGlobalSection
EndGlobal
